{
  "requires": true,
  "lockfileVersion": 1,
  "dependencies": {
    "angular-material": {
      "version": "1.2.0",
      "resolved": "https://registry.npmjs.org/angular-material/-/angular-material-1.2.0.tgz",
      "integrity": "sha512-s7GnQZkTFYfTBIraHz7SqyZtgr04aK4AenTdfdx1xkTGh9TewWttKdmphBwEpviv4dZpcvESZEn3REpUdFYhEQ=="
    }
  }
}
